
Microsoft Visual Studio Solution File, Format Version 12.00
# Visual Studio Version 17
VisualStudioVersion = 17.6.33723.286
MinimumVisualStudioVersion = 10.0.40219.1
Project("{8BC9CEB8-8B4A-11D0-8D11-00A0C91BC942}") = "RageShaderEditor", "RageShaderEditor\RageShaderEditor.vcxproj", "{054B1212-8461-4FDE-994B-B9B4F8EFBDEE}"
EndProject
Global
	GlobalSection(SolutionConfigurationPlatforms) = preSolution
		Debug|x64 = Debug|x64
		Debug|x86 = Debug|x86
		Release|x64 = Release|x64
		Release|x86 = Release|x86
	EndGlobalSection
	GlobalSection(ProjectConfigurationPlatforms) = postSolution
		{054B1212-8461-4FDE-994B-B9B4F8EFBDEE}.Debug|x64.ActiveCfg = Debug|x64
		{054B1212-8461-4FDE-994B-B9B4F8EFBDEE}.Debug|x64.Build.0 = Debug|x64
		{054B1212-8461-4FDE-994B-B9B4F8EFBDEE}.Debug|x86.ActiveCfg = Debug|Win32
		{054B1212-8461-4FDE-994B-B9B4F8EFBDEE}.Debug|x86.Build.0 = Debug|Win32
		{054B1212-8461-4FDE-994B-B9B4F8EFBDEE}.Release|x64.ActiveCfg = Release|x64
		{054B1212-8461-4FDE-994B-B9B4F8EFBDEE}.Release|x64.Build.0 = Release|x64
		{054B1212-8461-4FDE-994B-B9B4F8EFBDEE}.Release|x86.ActiveCfg = Release|Win32
		{054B1212-8461-4FDE-994B-B9B4F8EFBDEE}.Release|x86.Build.0 = Release|Win32
	EndGlobalSection
	GlobalSection(SolutionProperties) = preSolution
		HideSolutionNode = FALSE
	EndGlobalSection
	GlobalSection(ExtensibilityGlobals) = postSolution
		SolutionGuid = {0786884F-8ADC-4D92-AB55-34406CD11CC2}
	EndGlobalSection
EndGlobal
